
Microsoft Visual Studio Solution File, Format Version 12.00
# Visual Studio Version 17
VisualStudioVersion = 17.5.33530.505
MinimumVisualStudioVersion = 10.0.40219.1
Project("{FAE04EC0-301F-11D3-BF4B-00C04F79EFBC}") = "MySimpleProject", "MySimpleProject\MySimpleProject.csproj", "{C2870A1E-293B-4771-8BB9-BDE49797BBEF}"
EndProject
Project("{2150E333-8FDC-42A3-9474-1A3956D46DE8}") = "Tests", "Tests", "{D4DF31D5-613C-437C-B3F0-D7D604772319}"
EndProject
Project("{9A19103F-16F7-4668-BE54-9A1E7A4F7556}") = "MySimpleProject.Tests", "MySimpleProject.Tests\MySimpleProject.Tests.csproj", "{2D4A5A1C-1A9F-416A-AC5E-04ACB98A4FB2}"
EndProject
Project("{9A19103F-16F7-4668-BE54-9A1E7A4F7556}") = "MySimpleProject.UITests", "MySimpleProject.UITests\MySimpleProject.UITests.csproj", "{1B456627-F427-4B1B-8E8B-5E213CE32421}"
EndProject
Project("{2150E333-8FDC-42A3-9474-1A3956D46DE8}") = "Platforms", "Platforms", "{E8909285-ADFA-4E82-B798-38FA2F7118DF}"
EndProject
Project("{9A19103F-16F7-4668-BE54-9A1E7A4F7556}") = "MySimpleProject.Mobile", "MySimpleProject.Mobile\MySimpleProject.Mobile.csproj", "{DB59A58E-D018-4150-B87F-F405CEB7167D}"
EndProject
Project("{9A19103F-16F7-4668-BE54-9A1E7A4F7556}") = "MySimpleProject.Windows", "MySimpleProject.Windows\MySimpleProject.Windows.csproj", "{CAD54B39-D5C6-4786-B099-1E206F2B94E0}"
EndProject
Project("{9A19103F-16F7-4668-BE54-9A1E7A4F7556}") = "MySimpleProject.Wasm", "MySimpleProject.Wasm\MySimpleProject.Wasm.csproj", "{AC819A7D-269A-4508-8AB8-D2E9B3DDDD13}"
EndProject
Project("{9A19103F-16F7-4668-BE54-9A1E7A4F7556}") = "MySimpleProject.Skia.Gtk", "MySimpleProject.Skia.Gtk\MySimpleProject.Skia.Gtk.csproj", "{D1D54CF8-49E3-41F9-A85D-72A119DE2823}"
EndProject
Global
	GlobalSection(SolutionConfigurationPlatforms) = preSolution
		Debug|Any CPU = Debug|Any CPU
		Debug|arm64 = Debug|arm64
		Debug|x64 = Debug|x64
		Debug|x86 = Debug|x86
		Release|Any CPU = Release|Any CPU
		Release|arm64 = Release|arm64
		Release|x64 = Release|x64
		Release|x86 = Release|x86
	EndGlobalSection
	GlobalSection(ProjectConfigurationPlatforms) = postSolution
		{C2870A1E-293B-4771-8BB9-BDE49797BBEF}.Debug|Any CPU.ActiveCfg = Debug|Any CPU
		{C2870A1E-293B-4771-8BB9-BDE49797BBEF}.Debug|Any CPU.Build.0 = Debug|Any CPU
		{C2870A1E-293B-4771-8BB9-BDE49797BBEF}.Debug|arm64.ActiveCfg = Debug|Any CPU
		{C2870A1E-293B-4771-8BB9-BDE49797BBEF}.Debug|arm64.Build.0 = Debug|Any CPU
		{C2870A1E-293B-4771-8BB9-BDE49797BBEF}.Debug|x64.ActiveCfg = Debug|Any CPU
		{C2870A1E-293B-4771-8BB9-BDE49797BBEF}.Debug|x64.Build.0 = Debug|Any CPU
		{C2870A1E-293B-4771-8BB9-BDE49797BBEF}.Debug|x86.ActiveCfg = Debug|Any CPU
		{C2870A1E-293B-4771-8BB9-BDE49797BBEF}.Debug|x86.Build.0 = Debug|Any CPU
		{C2870A1E-293B-4771-8BB9-BDE49797BBEF}.Release|Any CPU.ActiveCfg = Release|Any CPU
		{C2870A1E-293B-4771-8BB9-BDE49797BBEF}.Release|Any CPU.Build.0 = Release|Any CPU
		{C2870A1E-293B-4771-8BB9-BDE49797BBEF}.Release|arm64.ActiveCfg = Release|Any CPU
		{C2870A1E-293B-4771-8BB9-BDE49797BBEF}.Release|arm64.Build.0 = Release|Any CPU
		{C2870A1E-293B-4771-8BB9-BDE49797BBEF}.Release|x64.ActiveCfg = Release|Any CPU
		{C2870A1E-293B-4771-8BB9-BDE49797BBEF}.Release|x64.Build.0 = Release|Any CPU
		{C2870A1E-293B-4771-8BB9-BDE49797BBEF}.Release|x86.ActiveCfg = Release|Any CPU
		{C2870A1E-293B-4771-8BB9-BDE49797BBEF}.Release|x86.Build.0 = Release|Any CPU
		{2D4A5A1C-1A9F-416A-AC5E-04ACB98A4FB2}.Debug|Any CPU.ActiveCfg = Debug|Any CPU
		{2D4A5A1C-1A9F-416A-AC5E-04ACB98A4FB2}.Debug|Any CPU.Build.0 = Debug|Any CPU
		{2D4A5A1C-1A9F-416A-AC5E-04ACB98A4FB2}.Debug|arm64.ActiveCfg = Debug|Any CPU
		{2D4A5A1C-1A9F-416A-AC5E-04ACB98A4FB2}.Debug|arm64.Build.0 = Debug|Any CPU
		{2D4A5A1C-1A9F-416A-AC5E-04ACB98A4FB2}.Debug|x64.ActiveCfg = Debug|Any CPU
		{2D4A5A1C-1A9F-416A-AC5E-04ACB98A4FB2}.Debug|x64.Build.0 = Debug|Any CPU
		{2D4A5A1C-1A9F-416A-AC5E-04ACB98A4FB2}.Debug|x86.ActiveCfg = Debug|Any CPU
		{2D4A5A1C-1A9F-416A-AC5E-04ACB98A4FB2}.Debug|x86.Build.0 = Debug|Any CPU
		{2D4A5A1C-1A9F-416A-AC5E-04ACB98A4FB2}.Release|Any CPU.ActiveCfg = Release|Any CPU
		{2D4A5A1C-1A9F-416A-AC5E-04ACB98A4FB2}.Release|Any CPU.Build.0 = Release|Any CPU
		{2D4A5A1C-1A9F-416A-AC5E-04ACB98A4FB2}.Release|arm64.ActiveCfg = Release|Any CPU
		{2D4A5A1C-1A9F-416A-AC5E-04ACB98A4FB2}.Release|arm64.Build.0 = Release|Any CPU
		{2D4A5A1C-1A9F-416A-AC5E-04ACB98A4FB2}.Release|x64.ActiveCfg = Release|Any CPU
		{2D4A5A1C-1A9F-416A-AC5E-04ACB98A4FB2}.Release|x64.Build.0 = Release|Any CPU
		{2D4A5A1C-1A9F-416A-AC5E-04ACB98A4FB2}.Release|x86.ActiveCfg = Release|Any CPU
		{2D4A5A1C-1A9F-416A-AC5E-04ACB98A4FB2}.Release|x86.Build.0 = Release|Any CPU
		{1B456627-F427-4B1B-8E8B-5E213CE32421}.Debug|Any CPU.ActiveCfg = Debug|Any CPU
		{1B456627-F427-4B1B-8E8B-5E213CE32421}.Debug|Any CPU.Build.0 = Debug|Any CPU
		{1B456627-F427-4B1B-8E8B-5E213CE32421}.Debug|arm64.ActiveCfg = Debug|Any CPU
		{1B456627-F427-4B1B-8E8B-5E213CE32421}.Debug|arm64.Build.0 = Debug|Any CPU
		{1B456627-F427-4B1B-8E8B-5E213CE32421}.Debug|x64.ActiveCfg = Debug|Any CPU
		{1B456627-F427-4B1B-8E8B-5E213CE32421}.Debug|x64.Build.0 = Debug|Any CPU
		{1B456627-F427-4B1B-8E8B-5E213CE32421}.Debug|x86.ActiveCfg = Debug|Any CPU
		{1B456627-F427-4B1B-8E8B-5E213CE32421}.Debug|x86.Build.0 = Debug|Any CPU
		{1B456627-F427-4B1B-8E8B-5E213CE32421}.Release|Any CPU.ActiveCfg = Release|Any CPU
		{1B456627-F427-4B1B-8E8B-5E213CE32421}.Release|Any CPU.Build.0 = Release|Any CPU
		{1B456627-F427-4B1B-8E8B-5E213CE32421}.Release|arm64.ActiveCfg = Release|Any CPU
		{1B456627-F427-4B1B-8E8B-5E213CE32421}.Release|arm64.Build.0 = Release|Any CPU
		{1B456627-F427-4B1B-8E8B-5E213CE32421}.Release|x64.ActiveCfg = Release|Any CPU
		{1B456627-F427-4B1B-8E8B-5E213CE32421}.Release|x64.Build.0 = Release|Any CPU
		{1B456627-F427-4B1B-8E8B-5E213CE32421}.Release|x86.ActiveCfg = Release|Any CPU
		{1B456627-F427-4B1B-8E8B-5E213CE32421}.Release|x86.Build.0 = Release|Any CPU
		{DB59A58E-D018-4150-B87F-F405CEB7167D}.Debug|Any CPU.ActiveCfg = Debug|Any CPU
		{DB59A58E-D018-4150-B87F-F405CEB7167D}.Debug|Any CPU.Build.0 = Debug|Any CPU
		{DB59A58E-D018-4150-B87F-F405CEB7167D}.Debug|Any CPU.Deploy.0 = Debug|Any CPU
		{DB59A58E-D018-4150-B87F-F405CEB7167D}.Debug|arm64.ActiveCfg = Debug|Any CPU
		{DB59A58E-D018-4150-B87F-F405CEB7167D}.Debug|arm64.Build.0 = Debug|Any CPU
		{DB59A58E-D018-4150-B87F-F405CEB7167D}.Debug|arm64.Deploy.0 = Debug|Any CPU
		{DB59A58E-D018-4150-B87F-F405CEB7167D}.Debug|x64.ActiveCfg = Debug|Any CPU
		{DB59A58E-D018-4150-B87F-F405CEB7167D}.Debug|x64.Build.0 = Debug|Any CPU
		{DB59A58E-D018-4150-B87F-F405CEB7167D}.Debug|x64.Deploy.0 = Debug|Any CPU
		{DB59A58E-D018-4150-B87F-F405CEB7167D}.Debug|x86.ActiveCfg = Debug|Any CPU
		{DB59A58E-D018-4150-B87F-F405CEB7167D}.Debug|x86.Build.0 = Debug|Any CPU
		{DB59A58E-D018-4150-B87F-F405CEB7167D}.Debug|x86.Deploy.0 = Debug|Any CPU
		{DB59A58E-D018-4150-B87F-F405CEB7167D}.Release|Any CPU.ActiveCfg = Release|Any CPU
		{DB59A58E-D018-4150-B87F-F405CEB7167D}.Release|Any CPU.Build.0 = Release|Any CPU
		{DB59A58E-D018-4150-B87F-F405CEB7167D}.Release|Any CPU.Deploy.0 = Release|Any CPU
		{DB59A58E-D018-4150-B87F-F405CEB7167D}.Release|arm64.ActiveCfg = Release|Any CPU
		{DB59A58E-D018-4150-B87F-F405CEB7167D}.Release|arm64.Build.0 = Release|Any CPU
		{DB59A58E-D018-4150-B87F-F405CEB7167D}.Release|arm64.Deploy.0 = Release|Any CPU
		{DB59A58E-D018-4150-B87F-F405CEB7167D}.Release|x64.ActiveCfg = Release|Any CPU
		{DB59A58E-D018-4150-B87F-F405CEB7167D}.Release|x64.Build.0 = Release|Any CPU
		{DB59A58E-D018-4150-B87F-F405CEB7167D}.Release|x64.Deploy.0 = Release|Any CPU
		{DB59A58E-D018-4150-B87F-F405CEB7167D}.Release|x86.ActiveCfg = Release|Any CPU
		{DB59A58E-D018-4150-B87F-F405CEB7167D}.Release|x86.Build.0 = Release|Any CPU
		{DB59A58E-D018-4150-B87F-F405CEB7167D}.Release|x86.Deploy.0 = Release|Any CPU
		{CAD54B39-D5C6-4786-B099-1E206F2B94E0}.Debug|Any CPU.ActiveCfg = Debug|x64
		{CAD54B39-D5C6-4786-B099-1E206F2B94E0}.Debug|Any CPU.Build.0 = Debug|x64
		{CAD54B39-D5C6-4786-B099-1E206F2B94E0}.Debug|Any CPU.Deploy.0 = Debug|x64
		{CAD54B39-D5C6-4786-B099-1E206F2B94E0}.Debug|arm64.ActiveCfg = Debug|arm64
		{CAD54B39-D5C6-4786-B099-1E206F2B94E0}.Debug|arm64.Build.0 = Debug|arm64
		{CAD54B39-D5C6-4786-B099-1E206F2B94E0}.Debug|arm64.Deploy.0 = Debug|arm64
		{CAD54B39-D5C6-4786-B099-1E206F2B94E0}.Debug|x64.ActiveCfg = Debug|x64
		{CAD54B39-D5C6-4786-B099-1E206F2B94E0}.Debug|x64.Build.0 = Debug|x64
		{CAD54B39-D5C6-4786-B099-1E206F2B94E0}.Debug|x64.Deploy.0 = Debug|x64
		{CAD54B39-D5C6-4786-B099-1E206F2B94E0}.Debug|x86.ActiveCfg = Debug|x86
		{CAD54B39-D5C6-4786-B099-1E206F2B94E0}.Debug|x86.Build.0 = Debug|x86
		{CAD54B39-D5C6-4786-B099-1E206F2B94E0}.Debug|x86.Deploy.0 = Debug|x86
		{CAD54B39-D5C6-4786-B099-1E206F2B94E0}.Release|Any CPU.ActiveCfg = Release|x64
		{CAD54B39-D5C6-4786-B099-1E206F2B94E0}.Release|Any CPU.Build.0 = Release|x64
		{CAD54B39-D5C6-4786-B099-1E206F2B94E0}.Release|Any CPU.Deploy.0 = Release|x64
		{CAD54B39-D5C6-4786-B099-1E206F2B94E0}.Release|arm64.ActiveCfg = Release|arm64
		{CAD54B39-D5C6-4786-B099-1E206F2B94E0}.Release|arm64.Build.0 = Release|arm64
		{CAD54B39-D5C6-4786-B099-1E206F2B94E0}.Release|arm64.Deploy.0 = Release|arm64
		{CAD54B39-D5C6-4786-B099-1E206F2B94E0}.Release|x64.ActiveCfg = Release|x64
		{CAD54B39-D5C6-4786-B099-1E206F2B94E0}.Release|x64.Build.0 = Release|x64
		{CAD54B39-D5C6-4786-B099-1E206F2B94E0}.Release|x64.Deploy.0 = Release|x64
		{CAD54B39-D5C6-4786-B099-1E206F2B94E0}.Release|x86.ActiveCfg = Release|x86
		{CAD54B39-D5C6-4786-B099-1E206F2B94E0}.Release|x86.Build.0 = Release|x86
		{CAD54B39-D5C6-4786-B099-1E206F2B94E0}.Release|x86.Deploy.0 = Release|x86
		{AC819A7D-269A-4508-8AB8-D2E9B3DDDD13}.Debug|Any CPU.ActiveCfg = Debug|Any CPU
		{AC819A7D-269A-4508-8AB8-D2E9B3DDDD13}.Debug|Any CPU.Build.0 = Debug|Any CPU
		{AC819A7D-269A-4508-8AB8-D2E9B3DDDD13}.Debug|arm64.ActiveCfg = Debug|Any CPU
		{AC819A7D-269A-4508-8AB8-D2E9B3DDDD13}.Debug|arm64.Build.0 = Debug|Any CPU
		{AC819A7D-269A-4508-8AB8-D2E9B3DDDD13}.Debug|x64.ActiveCfg = Debug|Any CPU
		{AC819A7D-269A-4508-8AB8-D2E9B3DDDD13}.Debug|x64.Build.0 = Debug|Any CPU
		{AC819A7D-269A-4508-8AB8-D2E9B3DDDD13}.Debug|x86.ActiveCfg = Debug|Any CPU
		{AC819A7D-269A-4508-8AB8-D2E9B3DDDD13}.Debug|x86.Build.0 = Debug|Any CPU
		{AC819A7D-269A-4508-8AB8-D2E9B3DDDD13}.Release|Any CPU.ActiveCfg = Release|Any CPU
		{AC819A7D-269A-4508-8AB8-D2E9B3DDDD13}.Release|Any CPU.Build.0 = Release|Any CPU
		{AC819A7D-269A-4508-8AB8-D2E9B3DDDD13}.Release|arm64.ActiveCfg = Release|Any CPU
		{AC819A7D-269A-4508-8AB8-D2E9B3DDDD13}.Release|arm64.Build.0 = Release|Any CPU
		{AC819A7D-269A-4508-8AB8-D2E9B3DDDD13}.Release|x64.ActiveCfg = Release|Any CPU
		{AC819A7D-269A-4508-8AB8-D2E9B3DDDD13}.Release|x64.Build.0 = Release|Any CPU
		{AC819A7D-269A-4508-8AB8-D2E9B3DDDD13}.Release|x86.ActiveCfg = Release|Any CPU
		{AC819A7D-269A-4508-8AB8-D2E9B3DDDD13}.Release|x86.Build.0 = Release|Any CPU
		{D1D54CF8-49E3-41F9-A85D-72A119DE2823}.Debug|Any CPU.ActiveCfg = Debug|Any CPU
		{D1D54CF8-49E3-41F9-A85D-72A119DE2823}.Debug|Any CPU.Build.0 = Debug|Any CPU
		{D1D54CF8-49E3-41F9-A85D-72A119DE2823}.Debug|arm64.ActiveCfg = Debug|Any CPU
		{D1D54CF8-49E3-41F9-A85D-72A119DE2823}.Debug|arm64.Build.0 = Debug|Any CPU
		{D1D54CF8-49E3-41F9-A85D-72A119DE2823}.Debug|x64.ActiveCfg = Debug|Any CPU
		{D1D54CF8-49E3-41F9-A85D-72A119DE2823}.Debug|x64.Build.0 = Debug|Any CPU
		{D1D54CF8-49E3-41F9-A85D-72A119DE2823}.Debug|x86.ActiveCfg = Debug|Any CPU
		{D1D54CF8-49E3-41F9-A85D-72A119DE2823}.Debug|x86.Build.0 = Debug|Any CPU
		{D1D54CF8-49E3-41F9-A85D-72A119DE2823}.Release|Any CPU.ActiveCfg = Release|Any CPU
		{D1D54CF8-49E3-41F9-A85D-72A119DE2823}.Release|Any CPU.Build.0 = Release|Any CPU
		{D1D54CF8-49E3-41F9-A85D-72A119DE2823}.Release|arm64.ActiveCfg = Release|Any CPU
		{D1D54CF8-49E3-41F9-A85D-72A119DE2823}.Release|arm64.Build.0 = Release|Any CPU
		{D1D54CF8-49E3-41F9-A85D-72A119DE2823}.Release|x64.ActiveCfg = Release|Any CPU
		{D1D54CF8-49E3-41F9-A85D-72A119DE2823}.Release|x64.Build.0 = Release|Any CPU
		{D1D54CF8-49E3-41F9-A85D-72A119DE2823}.Release|x86.ActiveCfg = Release|Any CPU
		{D1D54CF8-49E3-41F9-A85D-72A119DE2823}.Release|x86.Build.0 = Release|Any CPU
	EndGlobalSection
	GlobalSection(SolutionProperties) = preSolution
		HideSolutionNode = FALSE
	EndGlobalSection
	GlobalSection(NestedProjects) = preSolution
		{2D4A5A1C-1A9F-416A-AC5E-04ACB98A4FB2} = {D4DF31D5-613C-437C-B3F0-D7D604772319}
		{1B456627-F427-4B1B-8E8B-5E213CE32421} = {D4DF31D5-613C-437C-B3F0-D7D604772319}
		{DB59A58E-D018-4150-B87F-F405CEB7167D} = {E8909285-ADFA-4E82-B798-38FA2F7118DF}
		{CAD54B39-D5C6-4786-B099-1E206F2B94E0} = {E8909285-ADFA-4E82-B798-38FA2F7118DF}
		{AC819A7D-269A-4508-8AB8-D2E9B3DDDD13} = {E8909285-ADFA-4E82-B798-38FA2F7118DF}
		{D1D54CF8-49E3-41F9-A85D-72A119DE2823} = {E8909285-ADFA-4E82-B798-38FA2F7118DF}
	EndGlobalSection
	GlobalSection(ExtensibilityGlobals) = postSolution
		SolutionGuid = {07CFCA16-73FD-4AAF-9AB9-242E033DE648}
	EndGlobalSection
EndGlobal
